
Microsoft Visual Studio Solution File, Format Version 12.00
# Visual Studio 11
Project("{FAE04EC0-301F-11D3-BF4B-00C04F79EFBC}") = "TaskParallelLibrary101", "TaskParallelLibrary101\TaskParallelLibrary101.csproj", "{1280424A-6676-49EB-9633-A1FBB75D19F8}"
EndProject
Project("{FAE04EC0-301F-11D3-BF4B-00C04F79EFBC}") = "ZParser", "ZParser\ZParser.csproj", "{821FCC3C-0A23-4665-960C-9AC85032AE05}"
EndProject
Global
	GlobalSection(SolutionConfigurationPlatforms) = preSolution
		Debug|Any CPU = Debug|Any CPU
		Release|Any CPU = Release|Any CPU
	EndGlobalSection
	GlobalSection(ProjectConfigurationPlatforms) = postSolution
		{1280424A-6676-49EB-9633-A1FBB75D19F8}.Debug|Any CPU.ActiveCfg = Debug|Any CPU
		{1280424A-6676-49EB-9633-A1FBB75D19F8}.Debug|Any CPU.Build.0 = Debug|Any CPU
		{1280424A-6676-49EB-9633-A1FBB75D19F8}.Release|Any CPU.ActiveCfg = Release|Any CPU
		{1280424A-6676-49EB-9633-A1FBB75D19F8}.Release|Any CPU.Build.0 = Release|Any CPU
		{821FCC3C-0A23-4665-960C-9AC85032AE05}.Debug|Any CPU.ActiveCfg = Debug|Any CPU
		{821FCC3C-0A23-4665-960C-9AC85032AE05}.Debug|Any CPU.Build.0 = Debug|Any CPU
		{821FCC3C-0A23-4665-960C-9AC85032AE05}.Release|Any CPU.ActiveCfg = Release|Any CPU
		{821FCC3C-0A23-4665-960C-9AC85032AE05}.Release|Any CPU.Build.0 = Release|Any CPU
	EndGlobalSection
	GlobalSection(SolutionProperties) = preSolution
		HideSolutionNode = FALSE
	EndGlobalSection
EndGlobal
